version = 1
revision = 3
requires-python = "==3.11.*"

[[package]]
name = "greenlet"
version = "3.5.2"
source = { registry = "https://pypi.org/simple" }
sdist = { url = "https://files.pythonhosted.org/packages/dd/8b/befc3cb36965f397d87e86fb3b00e3ec0dc67c1ecb0986d7f54ee528f018/greenlet-3.5.2.tar.gz", hash = "sha256:c1b906220d83c140361cdd12eef970fb5881a168b98ee58a43786426173da14c", size = 199243, upload-time = "2026-06-17T20:19:01.317Z" }
wheels = [
    { url = "https://files.pythonhosted.org/packages/21/68/371ee6dad168be3386c46030bedaa8e3e7e3cf3d203621d4529e78ff36ef/greenlet-3.5.2-cp311-cp311-macosx_11_0_universal2.whl", hash = "sha256:d7792398872f89466c6671d5d193537eff163ecf7fac78d82e6ddc25017fb4f5", size = 286925, upload-time = "2026-06-17T17:33:17.928Z" },
    { url = "https://files.pythonhosted.org/packages/26/16/ed5706c26b4d26f3fabceb79abca992654eac8b0fa435def2ac6dbd92122/greenlet-3.5.2-cp311-cp311-manylinux_2_24_aarch64.manylinux_2_28_aarch64.whl", hash = "sha256:711028c953cd6ce5dc01bbb5a1747e3ad6bd8b2f7ded73778bb936e8dab9e3b6", size = 606036, upload-time = "2026-06-17T18:07:18.538Z" },
    { url = "https://files.pythonhosted.org/packages/8e/32/f9c77093af9f5f96615922b7e3fe3690a9faff02adb89f1d74e21578b147/greenlet-3.5.2-cp311-cp311-manylinux_2_24_ppc64le.manylinux_2_28_ppc64le.whl", hash = "sha256:5eba55076d79e8a5176e6925295cfb901ebc95dae493342ede22230f75d8bee2", size = 617821, upload-time = "2026-06-17T18:29:41.317Z" },
    { url = "https://files.pythonhosted.org/packages/27/f5/a963a939039aa5acafc2f9535f6cc8958ad30afe1478e2e37ab5098af74d/greenlet-3.5.2-cp311-cp311-manylinux_2_24_s390x.manylinux_2_28_s390x.whl", hash = "sha256:1724499fc08388208408681c53c5062e9803c334e5a0bdaeb616228ba882aac8", size = 625675, upload-time = "2026-06-17T18:39:25.767Z" },
    { url = "https://files.pythonhosted.org/packages/bd/d4/642833e778c17d32b5cabb793e14ce7364c55952462fc506fecdee55d485/greenlet-3.5.2-cp311-cp311-manylinux_2_24_x86_64.manylinux_2_28_x86_64.whl", hash = "sha256:c1c1e5ad80f1f38ea479b83b39dccb20874cfe9ad5e52f87225fa294ba4d39a1", size = 616877, upload-time = "2026-06-17T17:39:26.564Z" },
    { url = "https://files.pythonhosted.org/packages/ef/c8/995a898ebbf44e3da0b7ea6fbc1631518c185fb83467a5d6cf408d6d3ced/greenlet-3.5.2-cp311-cp311-manylinux_2_39_riscv64.whl", hash = "sha256:e976f9f6941f57d87a194c91868622c8b22a142a741d2fde31655c319133ade6", size = 420572, upload-time = "2026-06-17T18:41:18.035Z" },
    { url = "https://files.pythonhosted.org/packages/d3/cc/7120f83e78b8be3cf7acbe2306b3b7bd2cbf99f5ad12e85e2f05d7b31961/greenlet-3.5.2-cp311-cp311-musllinux_1_2_aarch64.whl", hash = "sha256:9e194b996aa1b89d933cfe136e5eb39b22a8b72ba59d376ef39a55bca4dbf47f", size = 1577274, upload-time = "2026-06-17T18:22:10.692Z" },
    { url = "https://files.pythonhosted.org/packages/fa/d8/05a0074ee485dd51c320fd706fd7ed48006b9cad3443092d7df1a655f0d2/greenlet-3.5.2-cp311-cp311-musllinux_1_2_x86_64.whl", hash = "sha256:4e554809538bd4867f24421b43abde170f9c9b8192149b30df5e164bcac6124f", size = 1643566, upload-time = "2026-06-17T17:40:05.452Z" },
    { url = "https://files.pythonhosted.org/packages/35/fe/9fe2060bdeece682e38d381184ae66045b48ed183c107ab3f88b9886a630/greenlet-3.5.2-cp311-cp311-win_amd64.whl", hash = "sha256:e063263ce9047878480d7e536012fc8b7c8e1922989eb5f03b9ab998a2ee7b7e", size = 238643, upload-time = "2026-06-17T17:37:03.039Z" },
    { url = "https://files.pythonhosted.org/packages/41/13/a9db72f5b6b700977ebd371d6a1f2984a08838357de924fcd5571607b1bf/greenlet-3.5.2-cp311-cp311-win_arm64.whl", hash = "sha256:a3f76a94e2d6e1fee8f302265679d8cc47d71a203936dd03c6e2ace0f9cfd46d", size = 237135, upload-time = "2026-06-17T17:34:34.14Z" },
]

[[package]]
name = "playwright"
version = "1.60.0"
source = { registry = "https://pypi.org/simple" }
dependencies = [
    { name = "greenlet" },
    { name = "pyee" },
]
wheels = [
    { url = "https://files.pythonhosted.org/packages/21/f0/832bd9677194908da118064eef20082f2791e3d18215cc6d9391ee2c5a67/playwright-1.60.0-py3-none-macosx_10_13_x86_64.whl", hash = "sha256:6a8cd0fec171fb3089e95e898c8bc8a6f35dea0b78b399e12fcc19427e91b1d7", size = 43474635, upload-time = "2026-05-18T12:00:31.969Z" },
    { url = "https://files.pythonhosted.org/packages/59/7b/e1d32ae8a3ed937ec2be3721c5f728b13d731a0b7c6442e0b3bec5094ac0/playwright-1.60.0-py3-none-macosx_11_0_arm64.whl", hash = "sha256:39b5420ba6145045b69ced4c5c47d4d9fe5bddfc8ff816c518913afcb25ec7a5", size = 42261327, upload-time = "2026-05-18T12:00:35.638Z" },
    { url = "https://files.pythonhosted.org/packages/d7/bc/23de499ded6411c188a20c5a0dea6f0cd4ed5d2b3cc6042a5dbd3ed609aa/playwright-1.60.0-py3-none-macosx_11_0_universal2.whl", hash = "sha256:2581d0e6a3392c71f91b27460c7fd093356818dc430f48153896c8aeeaef7705", size = 43474636, upload-time = "2026-05-18T12:00:39.294Z" },
    { url = "https://files.pythonhosted.org/packages/22/7b/1d679f4fced4ea94efadd17103856d8c565384f68382a1681264e46f5925/playwright-1.60.0-py3-none-manylinux1_x86_64.whl", hash = "sha256:1c2bfae7884fb3fb05b853290eab8f343d524e5016f2f1def702acbbdf14c93e", size = 47467220, upload-time = "2026-05-18T12:00:43.179Z" },
    { url = "https://files.pythonhosted.org/packages/84/c2/1528d267d4442bd2c6b8eaeab819dd52c2030bf80e89293f0ba1f687473b/playwright-1.60.0-py3-none-manylinux_2_17_aarch64.manylinux2014_aarch64.whl", hash = "sha256:43e66564125ee31b07a58cefb21e256d62d67d8d1713e6858df7a3019d8ed353", size = 47154856, upload-time = "2026-05-18T12:00:46.715Z" },
    { url = "https://files.pythonhosted.org/packages/bb/4e/b008b6440a7a1624378041da94829956d4b8f7ab9ef5aad22d0dc3f2e26d/playwright-1.60.0-py3-none-win32.whl", hash = "sha256:ec94e416ea320711e0ad4bf185dcbf41833672961e90773e1885255d7db7b7e7", size = 37902157, upload-time = "2026-05-18T12:00:50.374Z" },
    { url = "https://files.pythonhosted.org/packages/55/f0/0541524133104f9cc20bf900870ff4a736b76a23483f3a55295ddfa58409/playwright-1.60.0-py3-none-win_amd64.whl", hash = "sha256:9566821ce6030a1f9e7146a24e19355ab0d98805fd0f9be50bb3d8fef1750c02", size = 37902159, upload-time = "2026-05-18T12:00:53.728Z" },
    { url = "https://files.pythonhosted.org/packages/80/c8/210f282d278e4709cdd71b12a31af45a30a22ab3207b387e29b37e478713/playwright-1.60.0-py3-none-win_arm64.whl", hash = "sha256:6e4f6700a4c2250efff8e690a81d66e3855754fb587b6b87cf5c784014f91537", size = 34037981, upload-time = "2026-05-18T12:00:57.584Z" },
]

[[package]]
name = "pyee"
version = "13.0.1"
source = { registry = "https://pypi.org/simple" }
dependencies = [
    { name = "typing-extensions" },
]
sdist = { url = "https://files.pythonhosted.org/packages/8b/04/e7c1fe4dc78a6fdbfd6c337b1c3732ff543b8a397683ab38378447baa331/pyee-13.0.1.tar.gz", hash = "sha256:0b931f7c14535667ed4c7e0d531716368715e860b988770fc7eb8578d1f67fc8", size = 31655, upload-time = "2026-02-14T21:12:28.044Z" }
wheels = [
    { url = "https://files.pythonhosted.org/packages/a0/c4/b4d4827c93ef43c01f599ef31453ccc1c132b353284fc6c87d535c233129/pyee-13.0.1-py3-none-any.whl", hash = "sha256:af2f8fede4171ef667dfded53f96e2ed0d6e6bd7ee3bb46437f77e3b57689228", size = 15659, upload-time = "2026-02-14T21:12:26.263Z" },
]

[[package]]
name = "seo-workbench-tools"
version = "0.1.0"
source = { virtual = "." }

[package.optional-dependencies]
rendered = [
    { name = "playwright" },
]

[package.metadata]
requires-dist = [{ name = "playwright", marker = "extra == 'rendered'", specifier = ">=1.53.0" }]
provides-extras = ["rendered"]

[[package]]
name = "typing-extensions"
version = "4.15.0"
source = { registry = "https://pypi.org/simple" }
sdist = { url = "https://files.pythonhosted.org/packages/72/94/1a15dd82efb362ac84269196e94cf00f187f7ed21c242792a923cdb1c61f/typing_extensions-4.15.0.tar.gz", hash = "sha256:0cea48d173cc12fa28ecabc3b837ea3cf6f38c6d1136f85cbaaf598984861466", size = 109391, upload-time = "2025-08-25T13:49:26.313Z" }
wheels = [
    { url = "https://files.pythonhosted.org/packages/18/67/36e9267722cc04a6b9f15c7f3441c2363321a3ea07da7ae0c0707beb2a9c/typing_extensions-4.15.0-py3-none-any.whl", hash = "sha256:f0fa19c6845758ab08074a0cfa8b7aecb71c999ca73d62883bc25cc018c4e548", size = 44614, upload-time = "2025-08-25T13:49:24.86Z" },
]
